
Microsoft Visual Studio Solution File, Format Version 12.00
# Visual Studio Version 16
VisualStudioVersion = 16.0.31019.35
MinimumVisualStudioVersion = 10.0.40219.1
Project("{9A19103F-16F7-4668-BE54-9A1E7A4F7556}") = "Entities", "Entities\Entities.csproj", "{AC3FA83C-443E-45D3-8834-1AF8A5837DC3}"
EndProject
Project("{9A19103F-16F7-4668-BE54-9A1E7A4F7556}") = "DataAccess", "DataAccess\DataAccess.csproj", "{B9EF4B6F-84C2-4736-B286-A7942CB9A60C}"
EndProject
Project("{9A19103F-16F7-4668-BE54-9A1E7A4F7556}") = "Business", "Business\Business.csproj", "{B1412974-EB31-4328-B937-F2C75496DC80}"
EndProject
Project("{9A19103F-16F7-4668-BE54-9A1E7A4F7556}") = "ConsoleUI", "ConsoleUI\ConsoleUI.csproj", "{936275A3-B689-4C1A-B23B-0A789A642828}"
EndProject
Project("{FAE04EC0-301F-11D3-BF4B-00C04F79EFBC}") = "Core", "Core\Core.csproj", "{2D6E3AE5-BC9F-46C8-BAEC-C908FAD2B1F5}"
EndProject
Global
	GlobalSection(SolutionConfigurationPlatforms) = preSolution
		Debug|Any CPU = Debug|Any CPU
		Release|Any CPU = Release|Any CPU
	EndGlobalSection
	GlobalSection(ProjectConfigurationPlatforms) = postSolution
		{AC3FA83C-443E-45D3-8834-1AF8A5837DC3}.Debug|Any CPU.ActiveCfg = Debug|Any CPU
		{AC3FA83C-443E-45D3-8834-1AF8A5837DC3}.Debug|Any CPU.Build.0 = Debug|Any CPU
		{AC3FA83C-443E-45D3-8834-1AF8A5837DC3}.Release|Any CPU.ActiveCfg = Release|Any CPU
		{AC3FA83C-443E-45D3-8834-1AF8A5837DC3}.Release|Any CPU.Build.0 = Release|Any CPU
		{B9EF4B6F-84C2-4736-B286-A7942CB9A60C}.Debug|Any CPU.ActiveCfg = Debug|Any CPU
		{B9EF4B6F-84C2-4736-B286-A7942CB9A60C}.Debug|Any CPU.Build.0 = Debug|Any CPU
		{B9EF4B6F-84C2-4736-B286-A7942CB9A60C}.Release|Any CPU.ActiveCfg = Release|Any CPU
		{B9EF4B6F-84C2-4736-B286-A7942CB9A60C}.Release|Any CPU.Build.0 = Release|Any CPU
		{B1412974-EB31-4328-B937-F2C75496DC80}.Debug|Any CPU.ActiveCfg = Debug|Any CPU
		{B1412974-EB31-4328-B937-F2C75496DC80}.Debug|Any CPU.Build.0 = Debug|Any CPU
		{B1412974-EB31-4328-B937-F2C75496DC80}.Release|Any CPU.ActiveCfg = Release|Any CPU
		{B1412974-EB31-4328-B937-F2C75496DC80}.Release|Any CPU.Build.0 = Release|Any CPU
		{936275A3-B689-4C1A-B23B-0A789A642828}.Debug|Any CPU.ActiveCfg = Debug|Any CPU
		{936275A3-B689-4C1A-B23B-0A789A642828}.Debug|Any CPU.Build.0 = Debug|Any CPU
		{936275A3-B689-4C1A-B23B-0A789A642828}.Release|Any CPU.ActiveCfg = Release|Any CPU
		{936275A3-B689-4C1A-B23B-0A789A642828}.Release|Any CPU.Build.0 = Release|Any CPU
		{2D6E3AE5-BC9F-46C8-BAEC-C908FAD2B1F5}.Debug|Any CPU.ActiveCfg = Debug|Any CPU
		{2D6E3AE5-BC9F-46C8-BAEC-C908FAD2B1F5}.Debug|Any CPU.Build.0 = Debug|Any CPU
		{2D6E3AE5-BC9F-46C8-BAEC-C908FAD2B1F5}.Release|Any CPU.ActiveCfg = Release|Any CPU
		{2D6E3AE5-BC9F-46C8-BAEC-C908FAD2B1F5}.Release|Any CPU.Build.0 = Release|Any CPU
	EndGlobalSection
	GlobalSection(SolutionProperties) = preSolution
		HideSolutionNode = FALSE
	EndGlobalSection
	GlobalSection(ExtensibilityGlobals) = postSolution
		SolutionGuid = {A6E3B2FD-A9AC-4E0F-9915-44ABEC472471}
	EndGlobalSection
EndGlobal
